
Microsoft Visual Studio Solution File, Format Version 12.00
# Visual Studio Version 17
VisualStudioVersion = 17.3.32819.101
MinimumVisualStudioVersion = 10.0.40219.1
Project("{FAE04EC0-301F-11D3-BF4B-00C04F79EFBC}") = "Game-Realtime", "Game-Realtime.csproj", "{4FD84ADF-E9E0-40A1-A87F-26708F539AAA}"
EndProject
Global
	GlobalSection(SolutionConfigurationPlatforms) = preSolution
		Debug|Any CPU = Debug|Any CPU
		Release|Any CPU = Release|Any CPU
	EndGlobalSection
	GlobalSection(ProjectConfigurationPlatforms) = postSolution
		{4FD84ADF-E9E0-40A1-A87F-26708F539AAA}.Debug|Any CPU.ActiveCfg = Debug|Any CPU
		{4FD84ADF-E9E0-40A1-A87F-26708F539AAA}.Debug|Any CPU.Build.0 = Debug|Any CPU
		{4FD84ADF-E9E0-40A1-A87F-26708F539AAA}.Release|Any CPU.ActiveCfg = Release|Any CPU
		{4FD84ADF-E9E0-40A1-A87F-26708F539AAA}.Release|Any CPU.Build.0 = Release|Any CPU
	EndGlobalSection
	GlobalSection(SolutionProperties) = preSolution
		HideSolutionNode = FALSE
	EndGlobalSection
	GlobalSection(ExtensibilityGlobals) = postSolution
		SolutionGuid = {136DCAEB-E6C6-462C-84CA-55A5B5E5B964}
	EndGlobalSection
EndGlobal
